{
  "name": "@hexlet/code",
  "version": "0.0.2",
  "lockfileVersion": 2,
  "requires": true,
  "packages": {
    "": {
      "name": "@hexlet/code",
      "version": "0.0.2",
      "license": "ISC",
      "dependencies": {
        "commander": "^8.3.0"
      },
      "bin": {
        "code": "bin/gendiff.js"
      }
    },
    "../backend-project-lvl1": {
      "name": "@hexlet/code",
      "version": "0.0.7",
      "extraneous": true,
      "license": "ISC",
      "dependencies": {
        "readline-sync": "^1.4.10"
      },
      "bin": {
        "brain-calc": "bin/brain-calc.js",
        "brain-even": "bin/brain-even.js",
        "brain-games": "bin/brain-games.js",
        "brain-gcd": "bin/brain-gcd.js",
        "brain-prime": "bin/brain-prime.js",
        "brain-progression": "bin/brain-progression.js"
      },
      "devDependencies": {
        "eslint": "^8.4.1",
        "eslint-config-airbnb-base": "^15.0.0",
        "eslint-plugin-import": "^2.25.3"
      }
    },
    "node_modules/commander": {
      "version": "8.3.0",
      "license": "MIT",
      "engines": {
        "node": ">= 12"
      }
    }
  },
  "dependencies": {
    "commander": {
      "version": "8.3.0"
    }
  }
}
